
Microsoft Visual Studio Solution File, Format Version 12.00
Project("{2150E333-8FDC-42A3-9474-1A3956D46DE8}") = "src", "src", "{2AFDEBBA-3951-464A-934A-B50F2EB2B264}"
EndProject
Project("{2150E333-8FDC-42A3-9474-1A3956D46DE8}") = "tests", "tests", "{77E950BB-5B09-4D59-8730-770D988A480E}"
EndProject
Project("{2150E333-8FDC-42A3-9474-1A3956D46DE8}") = "Core", "Core", "{D7498D48-E40A-4A97-BDED-F2A1BEF70063}"
EndProject
Project("{2150E333-8FDC-42A3-9474-1A3956D46DE8}") = "Infrastructure", "Infrastructure", "{7A6687CE-96B3-4E4E-8EE3-B0107DFB3259}"
EndProject
Project("{2150E333-8FDC-42A3-9474-1A3956D46DE8}") = "Presentation", "Presentation", "{56206BF6-5CDA-4573-9989-5CDF97E40531}"
EndProject
Project("{FAE04EC0-301F-11D3-BF4B-00C04F79EFBC}") = "ToDoList.Identity.Api", "ToDoList.Identity.Api\ToDoList.Identity.Api.csproj", "{B7945E7F-7828-4330-A809-226E343E94A7}"
EndProject
Project("{FAE04EC0-301F-11D3-BF4B-00C04F79EFBC}") = "ToDoList.Identity.Domain", "ToDoList.Identity.Domain\ToDoList.Identity.Domain.csproj", "{95FB4EE5-AE6C-45B2-A7F4-F5059E8EA4DF}"
EndProject
Project("{FAE04EC0-301F-11D3-BF4B-00C04F79EFBC}") = "ToDoList.Identity.Application", "ToDoList.Identity.Application\ToDoList.Identity.Application.csproj", "{5630AA95-7978-4DFF-BD79-A5371625498C}"
EndProject
Project("{FAE04EC0-301F-11D3-BF4B-00C04F79EFBC}") = "ToDoList.Identity.Infrastructure", "ToDoList.Identity.Infrastructure\ToDoList.Identity.Infrastructure.csproj", "{208A16B9-9BE6-4B91-8B34-F9861546FF71}"
EndProject
Global
	GlobalSection(SolutionConfigurationPlatforms) = preSolution
		Debug|Any CPU = Debug|Any CPU
		Release|Any CPU = Release|Any CPU
	EndGlobalSection
	GlobalSection(NestedProjects) = preSolution
		{D7498D48-E40A-4A97-BDED-F2A1BEF70063} = {2AFDEBBA-3951-464A-934A-B50F2EB2B264}
		{7A6687CE-96B3-4E4E-8EE3-B0107DFB3259} = {2AFDEBBA-3951-464A-934A-B50F2EB2B264}
		{56206BF6-5CDA-4573-9989-5CDF97E40531} = {2AFDEBBA-3951-464A-934A-B50F2EB2B264}
		{B7945E7F-7828-4330-A809-226E343E94A7} = {56206BF6-5CDA-4573-9989-5CDF97E40531}
		{95FB4EE5-AE6C-45B2-A7F4-F5059E8EA4DF} = {D7498D48-E40A-4A97-BDED-F2A1BEF70063}
		{5630AA95-7978-4DFF-BD79-A5371625498C} = {D7498D48-E40A-4A97-BDED-F2A1BEF70063}
		{208A16B9-9BE6-4B91-8B34-F9861546FF71} = {7A6687CE-96B3-4E4E-8EE3-B0107DFB3259}
	EndGlobalSection
	GlobalSection(ProjectConfigurationPlatforms) = postSolution
		{B7945E7F-7828-4330-A809-226E343E94A7}.Debug|Any CPU.ActiveCfg = Debug|Any CPU
		{B7945E7F-7828-4330-A809-226E343E94A7}.Debug|Any CPU.Build.0 = Debug|Any CPU
		{B7945E7F-7828-4330-A809-226E343E94A7}.Release|Any CPU.ActiveCfg = Release|Any CPU
		{B7945E7F-7828-4330-A809-226E343E94A7}.Release|Any CPU.Build.0 = Release|Any CPU
		{95FB4EE5-AE6C-45B2-A7F4-F5059E8EA4DF}.Debug|Any CPU.ActiveCfg = Debug|Any CPU
		{95FB4EE5-AE6C-45B2-A7F4-F5059E8EA4DF}.Debug|Any CPU.Build.0 = Debug|Any CPU
		{95FB4EE5-AE6C-45B2-A7F4-F5059E8EA4DF}.Release|Any CPU.ActiveCfg = Release|Any CPU
		{95FB4EE5-AE6C-45B2-A7F4-F5059E8EA4DF}.Release|Any CPU.Build.0 = Release|Any CPU
		{5630AA95-7978-4DFF-BD79-A5371625498C}.Debug|Any CPU.ActiveCfg = Debug|Any CPU
		{5630AA95-7978-4DFF-BD79-A5371625498C}.Debug|Any CPU.Build.0 = Debug|Any CPU
		{5630AA95-7978-4DFF-BD79-A5371625498C}.Release|Any CPU.ActiveCfg = Release|Any CPU
		{5630AA95-7978-4DFF-BD79-A5371625498C}.Release|Any CPU.Build.0 = Release|Any CPU
		{208A16B9-9BE6-4B91-8B34-F9861546FF71}.Debug|Any CPU.ActiveCfg = Debug|Any CPU
		{208A16B9-9BE6-4B91-8B34-F9861546FF71}.Debug|Any CPU.Build.0 = Debug|Any CPU
		{208A16B9-9BE6-4B91-8B34-F9861546FF71}.Release|Any CPU.ActiveCfg = Release|Any CPU
		{208A16B9-9BE6-4B91-8B34-F9861546FF71}.Release|Any CPU.Build.0 = Release|Any CPU
	EndGlobalSection
EndGlobal
