
Microsoft Visual Studio Solution File, Format Version 12.00
Project("{2150E333-8FDC-42A3-9474-1A3956D46DE8}") = "src", "src", "{26EDE428-D8AB-4BEF-B9CE-74344C17F21A}"
EndProject
Project("{2150E333-8FDC-42A3-9474-1A3956D46DE8}") = "tests", "tests", "{3008917B-D52E-4F30-A7BD-7CECD54649C3}"
EndProject
Project("{2150E333-8FDC-42A3-9474-1A3956D46DE8}") = "WebApi", "WebApi", "{73E455FA-DF0B-43AB-84FA-ABF65EA1CCFC}"
EndProject
Project("{2150E333-8FDC-42A3-9474-1A3956D46DE8}") = "DomainLayer", "DomainLayer", "{7840C7E6-1C2E-4A66-BCE2-813A0C4C4B9A}"
EndProject
Project("{2150E333-8FDC-42A3-9474-1A3956D46DE8}") = "DataAccessLayer", "DataAccessLayer", "{7BDCF871-6361-4DCE-BF9A-9C172847B4B8}"
EndProject
Project("{2150E333-8FDC-42A3-9474-1A3956D46DE8}") = "SecurityLayer", "SecurityLayer", "{74FAF2D1-0BD9-4647-9AF2-BA6560561BF0}"
EndProject
Project("{2150E333-8FDC-42A3-9474-1A3956D46DE8}") = "BusinessLogicLayer", "BusinessLogicLayer", "{90D73F72-74BA-410C-B146-398B0619061F}"
EndProject
Project("{FAE04EC0-301F-11D3-BF4B-00C04F79EFBC}") = "ToDoList.Api", "ToDoList.Api\ToDoList.Api.csproj", "{E1C9E413-FEAB-456A-9B6F-5C022EB80E56}"
EndProject
Project("{FAE04EC0-301F-11D3-BF4B-00C04F79EFBC}") = "ToDoList.Security", "ToDoList.Security\ToDoList.Security.csproj", "{F0CD7DE7-9807-4B43-89EA-14E5E1547B0F}"
EndProject
Project("{FAE04EC0-301F-11D3-BF4B-00C04F79EFBC}") = "ToDoList.Domain.Entities", "ToDoList.Domain.Entities\ToDoList.Domain.Entities.csproj", "{9C855BCD-3512-44D5-9B61-4BDEB0900BA9}"
EndProject
Project("{FAE04EC0-301F-11D3-BF4B-00C04F79EFBC}") = "ToDoList.Domain.Contracts", "ToDoList.Domain.Contracts\ToDoList.Domain.Contracts.csproj", "{1B3B34BA-143F-4F0F-BCFA-9A08EB2BA1BA}"
EndProject
Project("{FAE04EC0-301F-11D3-BF4B-00C04F79EFBC}") = "ToDoList.DAL.Configurations", "ToDoList.DAL.Configurations\ToDoList.DAL.Configurations.csproj", "{1638D966-ABBE-4691-AB7A-2DF87C825050}"
EndProject
Project("{FAE04EC0-301F-11D3-BF4B-00C04F79EFBC}") = "ToDoList.DAL.Repositories", "ToDoList.DAL.Repositories\ToDoList.DAL.Repositories.csproj", "{F6BA88CF-8FB5-499A-9F1E-9F5DBFF8E523}"
EndProject
Project("{FAE04EC0-301F-11D3-BF4B-00C04F79EFBC}") = "ToDoList.BL.Queries", "ToDoList.BL.Queries\ToDoList.BL.Queries.csproj", "{7D259801-5EA0-4F91-B414-CC07D8ADC7BD}"
EndProject
Project("{FAE04EC0-301F-11D3-BF4B-00C04F79EFBC}") = "ToDoList.BL.Commands", "ToDoList.BL.Commands\ToDoList.BL.Commands.csproj", "{E1775678-DC1A-4CFB-A9CB-2212B51D15D6}"
EndProject
Project("{FAE04EC0-301F-11D3-BF4B-00C04F79EFBC}") = "ToDoList.BL.Services", "ToDoList.BL.Services\ToDoList.BL.Services.csproj", "{9ABF5ABC-C2D3-431A-9689-8C4EBFE2D05A}"
EndProject
Global
	GlobalSection(SolutionConfigurationPlatforms) = preSolution
		Debug|Any CPU = Debug|Any CPU
		Release|Any CPU = Release|Any CPU
	EndGlobalSection
	GlobalSection(NestedProjects) = preSolution
		{73E455FA-DF0B-43AB-84FA-ABF65EA1CCFC} = {26EDE428-D8AB-4BEF-B9CE-74344C17F21A}
		{7840C7E6-1C2E-4A66-BCE2-813A0C4C4B9A} = {26EDE428-D8AB-4BEF-B9CE-74344C17F21A}
		{7BDCF871-6361-4DCE-BF9A-9C172847B4B8} = {26EDE428-D8AB-4BEF-B9CE-74344C17F21A}
		{74FAF2D1-0BD9-4647-9AF2-BA6560561BF0} = {26EDE428-D8AB-4BEF-B9CE-74344C17F21A}
		{90D73F72-74BA-410C-B146-398B0619061F} = {26EDE428-D8AB-4BEF-B9CE-74344C17F21A}
		{E1C9E413-FEAB-456A-9B6F-5C022EB80E56} = {73E455FA-DF0B-43AB-84FA-ABF65EA1CCFC}
		{F0CD7DE7-9807-4B43-89EA-14E5E1547B0F} = {74FAF2D1-0BD9-4647-9AF2-BA6560561BF0}
		{9C855BCD-3512-44D5-9B61-4BDEB0900BA9} = {7840C7E6-1C2E-4A66-BCE2-813A0C4C4B9A}
		{1B3B34BA-143F-4F0F-BCFA-9A08EB2BA1BA} = {7840C7E6-1C2E-4A66-BCE2-813A0C4C4B9A}
		{1638D966-ABBE-4691-AB7A-2DF87C825050} = {7BDCF871-6361-4DCE-BF9A-9C172847B4B8}
		{F6BA88CF-8FB5-499A-9F1E-9F5DBFF8E523} = {7BDCF871-6361-4DCE-BF9A-9C172847B4B8}
		{7D259801-5EA0-4F91-B414-CC07D8ADC7BD} = {90D73F72-74BA-410C-B146-398B0619061F}
		{E1775678-DC1A-4CFB-A9CB-2212B51D15D6} = {90D73F72-74BA-410C-B146-398B0619061F}
		{9ABF5ABC-C2D3-431A-9689-8C4EBFE2D05A} = {90D73F72-74BA-410C-B146-398B0619061F}
	EndGlobalSection
	GlobalSection(ProjectConfigurationPlatforms) = postSolution
		{E1C9E413-FEAB-456A-9B6F-5C022EB80E56}.Debug|Any CPU.ActiveCfg = Debug|Any CPU
		{E1C9E413-FEAB-456A-9B6F-5C022EB80E56}.Debug|Any CPU.Build.0 = Debug|Any CPU
		{E1C9E413-FEAB-456A-9B6F-5C022EB80E56}.Release|Any CPU.ActiveCfg = Release|Any CPU
		{E1C9E413-FEAB-456A-9B6F-5C022EB80E56}.Release|Any CPU.Build.0 = Release|Any CPU
		{F0CD7DE7-9807-4B43-89EA-14E5E1547B0F}.Debug|Any CPU.ActiveCfg = Debug|Any CPU
		{F0CD7DE7-9807-4B43-89EA-14E5E1547B0F}.Debug|Any CPU.Build.0 = Debug|Any CPU
		{F0CD7DE7-9807-4B43-89EA-14E5E1547B0F}.Release|Any CPU.ActiveCfg = Release|Any CPU
		{F0CD7DE7-9807-4B43-89EA-14E5E1547B0F}.Release|Any CPU.Build.0 = Release|Any CPU
		{9C855BCD-3512-44D5-9B61-4BDEB0900BA9}.Debug|Any CPU.ActiveCfg = Debug|Any CPU
		{9C855BCD-3512-44D5-9B61-4BDEB0900BA9}.Debug|Any CPU.Build.0 = Debug|Any CPU
		{9C855BCD-3512-44D5-9B61-4BDEB0900BA9}.Release|Any CPU.ActiveCfg = Release|Any CPU
		{9C855BCD-3512-44D5-9B61-4BDEB0900BA9}.Release|Any CPU.Build.0 = Release|Any CPU
		{1B3B34BA-143F-4F0F-BCFA-9A08EB2BA1BA}.Debug|Any CPU.ActiveCfg = Debug|Any CPU
		{1B3B34BA-143F-4F0F-BCFA-9A08EB2BA1BA}.Debug|Any CPU.Build.0 = Debug|Any CPU
		{1B3B34BA-143F-4F0F-BCFA-9A08EB2BA1BA}.Release|Any CPU.ActiveCfg = Release|Any CPU
		{1B3B34BA-143F-4F0F-BCFA-9A08EB2BA1BA}.Release|Any CPU.Build.0 = Release|Any CPU
		{1638D966-ABBE-4691-AB7A-2DF87C825050}.Debug|Any CPU.ActiveCfg = Debug|Any CPU
		{1638D966-ABBE-4691-AB7A-2DF87C825050}.Debug|Any CPU.Build.0 = Debug|Any CPU
		{1638D966-ABBE-4691-AB7A-2DF87C825050}.Release|Any CPU.ActiveCfg = Release|Any CPU
		{1638D966-ABBE-4691-AB7A-2DF87C825050}.Release|Any CPU.Build.0 = Release|Any CPU
		{F6BA88CF-8FB5-499A-9F1E-9F5DBFF8E523}.Debug|Any CPU.ActiveCfg = Debug|Any CPU
		{F6BA88CF-8FB5-499A-9F1E-9F5DBFF8E523}.Debug|Any CPU.Build.0 = Debug|Any CPU
		{F6BA88CF-8FB5-499A-9F1E-9F5DBFF8E523}.Release|Any CPU.ActiveCfg = Release|Any CPU
		{F6BA88CF-8FB5-499A-9F1E-9F5DBFF8E523}.Release|Any CPU.Build.0 = Release|Any CPU
		{7D259801-5EA0-4F91-B414-CC07D8ADC7BD}.Debug|Any CPU.ActiveCfg = Debug|Any CPU
		{7D259801-5EA0-4F91-B414-CC07D8ADC7BD}.Debug|Any CPU.Build.0 = Debug|Any CPU
		{7D259801-5EA0-4F91-B414-CC07D8ADC7BD}.Release|Any CPU.ActiveCfg = Release|Any CPU
		{7D259801-5EA0-4F91-B414-CC07D8ADC7BD}.Release|Any CPU.Build.0 = Release|Any CPU
		{E1775678-DC1A-4CFB-A9CB-2212B51D15D6}.Debug|Any CPU.ActiveCfg = Debug|Any CPU
		{E1775678-DC1A-4CFB-A9CB-2212B51D15D6}.Debug|Any CPU.Build.0 = Debug|Any CPU
		{E1775678-DC1A-4CFB-A9CB-2212B51D15D6}.Release|Any CPU.ActiveCfg = Release|Any CPU
		{E1775678-DC1A-4CFB-A9CB-2212B51D15D6}.Release|Any CPU.Build.0 = Release|Any CPU
		{9ABF5ABC-C2D3-431A-9689-8C4EBFE2D05A}.Debug|Any CPU.ActiveCfg = Debug|Any CPU
		{9ABF5ABC-C2D3-431A-9689-8C4EBFE2D05A}.Debug|Any CPU.Build.0 = Debug|Any CPU
		{9ABF5ABC-C2D3-431A-9689-8C4EBFE2D05A}.Release|Any CPU.ActiveCfg = Release|Any CPU
		{9ABF5ABC-C2D3-431A-9689-8C4EBFE2D05A}.Release|Any CPU.Build.0 = Release|Any CPU
	EndGlobalSection
EndGlobal
