
Microsoft Visual Studio Solution File, Format Version 12.00
Project("{2150E333-8FDC-42A3-9474-1A3956D46DE8}") = "src", "src", "{CA78E037-E523-491F-B7FC-04A1DBFB346A}"
EndProject
Project("{2150E333-8FDC-42A3-9474-1A3956D46DE8}") = "tests", "tests", "{EC76FF1B-4B26-4A6D-8014-213B7443C5F2}"
EndProject
Project("{2150E333-8FDC-42A3-9474-1A3956D46DE8}") = "WebApi", "WebApi", "{AE8AD42B-83EA-4E16-BF19-873EBCC1C45A}"
EndProject
Project("{2150E333-8FDC-42A3-9474-1A3956D46DE8}") = "SecurityLayer", "SecurityLayer", "{FFF821BF-66B8-4AB8-AFC8-0F521FC8679E}"
EndProject
Project("{2150E333-8FDC-42A3-9474-1A3956D46DE8}") = "DataAccessLayer", "DataAccessLayer", "{B3DE9F41-E543-4EEF-A88E-C7038473D7BC}"
EndProject
Project("{2150E333-8FDC-42A3-9474-1A3956D46DE8}") = "DomainLayer", "DomainLayer", "{0DF91F05-065D-4287-AB9E-7320EE26432E}"
EndProject
Project("{2150E333-8FDC-42A3-9474-1A3956D46DE8}") = "BusinessLogicLayer", "BusinessLogicLayer", "{766E935C-2F6C-4695-8715-0798D87E00B1}"
EndProject
Project("{FAE04EC0-301F-11D3-BF4B-00C04F79EFBC}") = "ToDoList.Api", "ToDoList.Api\ToDoList.Api.csproj", "{C9679693-97D1-497B-AAD7-0EA1E8603E60}"
EndProject
Project("{FAE04EC0-301F-11D3-BF4B-00C04F79EFBC}") = "ToDoList.Security", "ToDoList.Security\ToDoList.Security.csproj", "{1B351289-FAC7-4D08-BD46-3B2DE0D3BE21}"
EndProject
Project("{FAE04EC0-301F-11D3-BF4B-00C04F79EFBC}") = "ToDoList.Domain.Entities", "ToDoList.Domain.Entities\ToDoList.Domain.Entities.csproj", "{94E62E0C-023D-4C49-84AC-87A3CB65F745}"
EndProject
Project("{FAE04EC0-301F-11D3-BF4B-00C04F79EFBC}") = "ToDoList.Domain.Contracts", "ToDoList.Domain.Contracts\ToDoList.Domain.Contracts.csproj", "{42825F63-A2FF-4BEA-9D72-25CE1A124BA6}"
EndProject
Project("{FAE04EC0-301F-11D3-BF4B-00C04F79EFBC}") = "ToDoList.DAL.Repositories", "ToDoList.DAL.Repositories\ToDoList.DAL.Repositories.csproj", "{AF2CC5A8-56A1-494A-9513-D7DD79558835}"
EndProject
Project("{FAE04EC0-301F-11D3-BF4B-00C04F79EFBC}") = "ToDoList.DAL.Configurations", "ToDoList.DAL.Configurations\ToDoList.DAL.Configurations.csproj", "{D656E8A8-A5AD-4285-B84F-88862B610977}"
EndProject
Project("{FAE04EC0-301F-11D3-BF4B-00C04F79EFBC}") = "ToDoList.BL.Services", "ToDoList.BL.Services\ToDoList.BL.Services.csproj", "{789CA007-089E-4FA1-9BFF-15FA8E26E929}"
EndProject
Project("{FAE04EC0-301F-11D3-BF4B-00C04F79EFBC}") = "ToDoList.BL.Commands", "ToDoList.BL.Commands\ToDoList.BL.Commands.csproj", "{03F50A05-1307-4CE6-88D4-40B9BF5E4244}"
EndProject
Project("{FAE04EC0-301F-11D3-BF4B-00C04F79EFBC}") = "ToDoList.BL.Queries", "ToDoList.BL.Queries\ToDoList.BL.Queries.csproj", "{7271D79D-449A-4A22-BAED-36B344091DF3}"
EndProject
Global
	GlobalSection(SolutionConfigurationPlatforms) = preSolution
		Debug|Any CPU = Debug|Any CPU
		Release|Any CPU = Release|Any CPU
	EndGlobalSection
	GlobalSection(NestedProjects) = preSolution
		{AE8AD42B-83EA-4E16-BF19-873EBCC1C45A} = {CA78E037-E523-491F-B7FC-04A1DBFB346A}
		{FFF821BF-66B8-4AB8-AFC8-0F521FC8679E} = {CA78E037-E523-491F-B7FC-04A1DBFB346A}
		{B3DE9F41-E543-4EEF-A88E-C7038473D7BC} = {CA78E037-E523-491F-B7FC-04A1DBFB346A}
		{0DF91F05-065D-4287-AB9E-7320EE26432E} = {CA78E037-E523-491F-B7FC-04A1DBFB346A}
		{766E935C-2F6C-4695-8715-0798D87E00B1} = {CA78E037-E523-491F-B7FC-04A1DBFB346A}
		{C9679693-97D1-497B-AAD7-0EA1E8603E60} = {AE8AD42B-83EA-4E16-BF19-873EBCC1C45A}
		{1B351289-FAC7-4D08-BD46-3B2DE0D3BE21} = {FFF821BF-66B8-4AB8-AFC8-0F521FC8679E}
		{94E62E0C-023D-4C49-84AC-87A3CB65F745} = {0DF91F05-065D-4287-AB9E-7320EE26432E}
		{42825F63-A2FF-4BEA-9D72-25CE1A124BA6} = {0DF91F05-065D-4287-AB9E-7320EE26432E}
		{AF2CC5A8-56A1-494A-9513-D7DD79558835} = {B3DE9F41-E543-4EEF-A88E-C7038473D7BC}
		{D656E8A8-A5AD-4285-B84F-88862B610977} = {B3DE9F41-E543-4EEF-A88E-C7038473D7BC}
		{789CA007-089E-4FA1-9BFF-15FA8E26E929} = {766E935C-2F6C-4695-8715-0798D87E00B1}
		{03F50A05-1307-4CE6-88D4-40B9BF5E4244} = {766E935C-2F6C-4695-8715-0798D87E00B1}
		{7271D79D-449A-4A22-BAED-36B344091DF3} = {766E935C-2F6C-4695-8715-0798D87E00B1}
	EndGlobalSection
	GlobalSection(ProjectConfigurationPlatforms) = postSolution
		{C9679693-97D1-497B-AAD7-0EA1E8603E60}.Debug|Any CPU.ActiveCfg = Debug|Any CPU
		{C9679693-97D1-497B-AAD7-0EA1E8603E60}.Debug|Any CPU.Build.0 = Debug|Any CPU
		{C9679693-97D1-497B-AAD7-0EA1E8603E60}.Release|Any CPU.ActiveCfg = Release|Any CPU
		{C9679693-97D1-497B-AAD7-0EA1E8603E60}.Release|Any CPU.Build.0 = Release|Any CPU
		{1B351289-FAC7-4D08-BD46-3B2DE0D3BE21}.Debug|Any CPU.ActiveCfg = Debug|Any CPU
		{1B351289-FAC7-4D08-BD46-3B2DE0D3BE21}.Debug|Any CPU.Build.0 = Debug|Any CPU
		{1B351289-FAC7-4D08-BD46-3B2DE0D3BE21}.Release|Any CPU.ActiveCfg = Release|Any CPU
		{1B351289-FAC7-4D08-BD46-3B2DE0D3BE21}.Release|Any CPU.Build.0 = Release|Any CPU
		{94E62E0C-023D-4C49-84AC-87A3CB65F745}.Debug|Any CPU.ActiveCfg = Debug|Any CPU
		{94E62E0C-023D-4C49-84AC-87A3CB65F745}.Debug|Any CPU.Build.0 = Debug|Any CPU
		{94E62E0C-023D-4C49-84AC-87A3CB65F745}.Release|Any CPU.ActiveCfg = Release|Any CPU
		{94E62E0C-023D-4C49-84AC-87A3CB65F745}.Release|Any CPU.Build.0 = Release|Any CPU
		{42825F63-A2FF-4BEA-9D72-25CE1A124BA6}.Debug|Any CPU.ActiveCfg = Debug|Any CPU
		{42825F63-A2FF-4BEA-9D72-25CE1A124BA6}.Debug|Any CPU.Build.0 = Debug|Any CPU
		{42825F63-A2FF-4BEA-9D72-25CE1A124BA6}.Release|Any CPU.ActiveCfg = Release|Any CPU
		{42825F63-A2FF-4BEA-9D72-25CE1A124BA6}.Release|Any CPU.Build.0 = Release|Any CPU
		{AF2CC5A8-56A1-494A-9513-D7DD79558835}.Debug|Any CPU.ActiveCfg = Debug|Any CPU
		{AF2CC5A8-56A1-494A-9513-D7DD79558835}.Debug|Any CPU.Build.0 = Debug|Any CPU
		{AF2CC5A8-56A1-494A-9513-D7DD79558835}.Release|Any CPU.ActiveCfg = Release|Any CPU
		{AF2CC5A8-56A1-494A-9513-D7DD79558835}.Release|Any CPU.Build.0 = Release|Any CPU
		{D656E8A8-A5AD-4285-B84F-88862B610977}.Debug|Any CPU.ActiveCfg = Debug|Any CPU
		{D656E8A8-A5AD-4285-B84F-88862B610977}.Debug|Any CPU.Build.0 = Debug|Any CPU
		{D656E8A8-A5AD-4285-B84F-88862B610977}.Release|Any CPU.ActiveCfg = Release|Any CPU
		{D656E8A8-A5AD-4285-B84F-88862B610977}.Release|Any CPU.Build.0 = Release|Any CPU
		{789CA007-089E-4FA1-9BFF-15FA8E26E929}.Debug|Any CPU.ActiveCfg = Debug|Any CPU
		{789CA007-089E-4FA1-9BFF-15FA8E26E929}.Debug|Any CPU.Build.0 = Debug|Any CPU
		{789CA007-089E-4FA1-9BFF-15FA8E26E929}.Release|Any CPU.ActiveCfg = Release|Any CPU
		{789CA007-089E-4FA1-9BFF-15FA8E26E929}.Release|Any CPU.Build.0 = Release|Any CPU
		{03F50A05-1307-4CE6-88D4-40B9BF5E4244}.Debug|Any CPU.ActiveCfg = Debug|Any CPU
		{03F50A05-1307-4CE6-88D4-40B9BF5E4244}.Debug|Any CPU.Build.0 = Debug|Any CPU
		{03F50A05-1307-4CE6-88D4-40B9BF5E4244}.Release|Any CPU.ActiveCfg = Release|Any CPU
		{03F50A05-1307-4CE6-88D4-40B9BF5E4244}.Release|Any CPU.Build.0 = Release|Any CPU
		{7271D79D-449A-4A22-BAED-36B344091DF3}.Debug|Any CPU.ActiveCfg = Debug|Any CPU
		{7271D79D-449A-4A22-BAED-36B344091DF3}.Debug|Any CPU.Build.0 = Debug|Any CPU
		{7271D79D-449A-4A22-BAED-36B344091DF3}.Release|Any CPU.ActiveCfg = Release|Any CPU
		{7271D79D-449A-4A22-BAED-36B344091DF3}.Release|Any CPU.Build.0 = Release|Any CPU
	EndGlobalSection
EndGlobal
