
Microsoft Visual Studio Solution File, Format Version 12.00
Project("{2150E333-8FDC-42A3-9474-1A3956D46DE8}") = "src", "src", "{31A0B4F1-0AB6-45E8-982F-644580047411}"
EndProject
Project("{2150E333-8FDC-42A3-9474-1A3956D46DE8}") = "tests", "tests", "{3AD3A538-AD4E-496D-8952-AC2F26914ED5}"
EndProject
Project("{2150E333-8FDC-42A3-9474-1A3956D46DE8}") = "UnitTests", "UnitTests", "{76E08653-95E1-40BA-A483-AFE746CFC634}"
EndProject
Project("{2150E333-8FDC-42A3-9474-1A3956D46DE8}") = "IntegrationTests", "IntegrationTests", "{FCB2BFEF-EACB-45F6-A94F-B0CB88D6570C}"
EndProject
Project("{2150E333-8FDC-42A3-9474-1A3956D46DE8}") = "Core", "Core", "{A1D66A7D-93CB-4962-866A-1A11CB49A5A3}"
EndProject
Project("{2150E333-8FDC-42A3-9474-1A3956D46DE8}") = "Presentation", "Presentation", "{96B5A7F9-1B0D-42F3-8BFB-CE16C8CE60D8}"
EndProject
Project("{2150E333-8FDC-42A3-9474-1A3956D46DE8}") = "Infrastructure", "Infrastructure", "{F5817B23-DCA7-484D-B9C2-7D93FB2C5857}"
EndProject
Project("{FAE04EC0-301F-11D3-BF4B-00C04F79EFBC}") = "ToDoList.Backend.Api", "ToDoList.Backend.Api\ToDoList.Backend.Api.csproj", "{563B7EF9-EAC7-41F1-9B35-D3B0E57F694C}"
EndProject
Project("{FAE04EC0-301F-11D3-BF4B-00C04F79EFBC}") = "ToDoList.Backend.Domain", "ToDoList.Backend.Domain\ToDoList.Backend.Domain.csproj", "{035420E9-9218-40D0-8621-F7DADB629CD1}"
EndProject
Project("{FAE04EC0-301F-11D3-BF4B-00C04F79EFBC}") = "ToDoList.Backend.Application", "ToDoList.Backend.Application\ToDoList.Backend.Application.csproj", "{5F701112-2568-4473-8F37-3CC943B40CD5}"
EndProject
Project("{FAE04EC0-301F-11D3-BF4B-00C04F79EFBC}") = "ToDoList.Backend.Infrastructure", "ToDoList.Backend.Infrastructure\ToDoList.Backend.Infrastructure.csproj", "{2C97F11D-7FAF-41BC-BF37-7F2763F12C02}"
EndProject
Global
	GlobalSection(SolutionConfigurationPlatforms) = preSolution
		Debug|Any CPU = Debug|Any CPU
		Release|Any CPU = Release|Any CPU
	EndGlobalSection
	GlobalSection(NestedProjects) = preSolution
		{76E08653-95E1-40BA-A483-AFE746CFC634} = {3AD3A538-AD4E-496D-8952-AC2F26914ED5}
		{FCB2BFEF-EACB-45F6-A94F-B0CB88D6570C} = {3AD3A538-AD4E-496D-8952-AC2F26914ED5}
		{A1D66A7D-93CB-4962-866A-1A11CB49A5A3} = {31A0B4F1-0AB6-45E8-982F-644580047411}
		{96B5A7F9-1B0D-42F3-8BFB-CE16C8CE60D8} = {31A0B4F1-0AB6-45E8-982F-644580047411}
		{F5817B23-DCA7-484D-B9C2-7D93FB2C5857} = {31A0B4F1-0AB6-45E8-982F-644580047411}
		{563B7EF9-EAC7-41F1-9B35-D3B0E57F694C} = {96B5A7F9-1B0D-42F3-8BFB-CE16C8CE60D8}
		{035420E9-9218-40D0-8621-F7DADB629CD1} = {A1D66A7D-93CB-4962-866A-1A11CB49A5A3}
		{5F701112-2568-4473-8F37-3CC943B40CD5} = {A1D66A7D-93CB-4962-866A-1A11CB49A5A3}
		{2C97F11D-7FAF-41BC-BF37-7F2763F12C02} = {F5817B23-DCA7-484D-B9C2-7D93FB2C5857}
	EndGlobalSection
	GlobalSection(ProjectConfigurationPlatforms) = postSolution
		{563B7EF9-EAC7-41F1-9B35-D3B0E57F694C}.Debug|Any CPU.ActiveCfg = Debug|Any CPU
		{563B7EF9-EAC7-41F1-9B35-D3B0E57F694C}.Debug|Any CPU.Build.0 = Debug|Any CPU
		{563B7EF9-EAC7-41F1-9B35-D3B0E57F694C}.Release|Any CPU.ActiveCfg = Release|Any CPU
		{563B7EF9-EAC7-41F1-9B35-D3B0E57F694C}.Release|Any CPU.Build.0 = Release|Any CPU
		{035420E9-9218-40D0-8621-F7DADB629CD1}.Debug|Any CPU.ActiveCfg = Debug|Any CPU
		{035420E9-9218-40D0-8621-F7DADB629CD1}.Debug|Any CPU.Build.0 = Debug|Any CPU
		{035420E9-9218-40D0-8621-F7DADB629CD1}.Release|Any CPU.ActiveCfg = Release|Any CPU
		{035420E9-9218-40D0-8621-F7DADB629CD1}.Release|Any CPU.Build.0 = Release|Any CPU
		{5F701112-2568-4473-8F37-3CC943B40CD5}.Debug|Any CPU.ActiveCfg = Debug|Any CPU
		{5F701112-2568-4473-8F37-3CC943B40CD5}.Debug|Any CPU.Build.0 = Debug|Any CPU
		{5F701112-2568-4473-8F37-3CC943B40CD5}.Release|Any CPU.ActiveCfg = Release|Any CPU
		{5F701112-2568-4473-8F37-3CC943B40CD5}.Release|Any CPU.Build.0 = Release|Any CPU
		{2C97F11D-7FAF-41BC-BF37-7F2763F12C02}.Debug|Any CPU.ActiveCfg = Debug|Any CPU
		{2C97F11D-7FAF-41BC-BF37-7F2763F12C02}.Debug|Any CPU.Build.0 = Debug|Any CPU
		{2C97F11D-7FAF-41BC-BF37-7F2763F12C02}.Release|Any CPU.ActiveCfg = Release|Any CPU
		{2C97F11D-7FAF-41BC-BF37-7F2763F12C02}.Release|Any CPU.Build.0 = Release|Any CPU
	EndGlobalSection
EndGlobal
