
Microsoft Visual Studio Solution File, Format Version 12.00
Project("{2150E333-8FDC-42A3-9474-1A3956D46DE8}") = "Core", "Core", "{D095ADCB-C219-410A-A56B-CB1EEAFFA38C}"
EndProject
Project("{2150E333-8FDC-42A3-9474-1A3956D46DE8}") = "Infrastructure", "Infrastructure", "{239B4338-E9AB-4F6A-B960-96BF292B629B}"
EndProject
Project("{2150E333-8FDC-42A3-9474-1A3956D46DE8}") = "Presentation", "Presentation", "{C7EA7069-2C51-4C11-B049-C24D3F43E643}"
EndProject
Project("{2150E333-8FDC-42A3-9474-1A3956D46DE8}") = "src", "src", "{0D89BD6B-BD75-402B-9CD8-6A09F13EFFF3}"
EndProject
Project("{2150E333-8FDC-42A3-9474-1A3956D46DE8}") = "tests", "tests", "{3E059546-6CF3-4A8B-AB13-F35F372941E4}"
EndProject
Project("{FAE04EC0-301F-11D3-BF4B-00C04F79EFBC}") = "ToDoList.Backend.Application", "ToDoList.Backend.Application\ToDoList.Backend.Application.csproj", "{A0549E16-FA69-4195-911E-7906E4EF0057}"
EndProject
Project("{FAE04EC0-301F-11D3-BF4B-00C04F79EFBC}") = "ToDoList.Backend.Domain", "ToDoList.Backend.Domain\ToDoList.Backend.Domain.csproj", "{5F35833C-9008-46F6-B7C8-65F4A39F0832}"
EndProject
Project("{FAE04EC0-301F-11D3-BF4B-00C04F79EFBC}") = "ToDoList.Backend.Api", "ToDoList.Backend.Api\ToDoList.Backend.Api.csproj", "{78867BA6-21A5-4EA8-AD05-ACD9727B5A3E}"
EndProject
Project("{FAE04EC0-301F-11D3-BF4B-00C04F79EFBC}") = "ToDoList.Backend.Infrastructure", "ToDoList.Backend.Infrastructure\ToDoList.Backend.Infrastructure.csproj", "{29C7C36E-30A8-49E4-A861-01202658755B}"
EndProject
Global
	GlobalSection(SolutionConfigurationPlatforms) = preSolution
		Debug|Any CPU = Debug|Any CPU
		Release|Any CPU = Release|Any CPU
	EndGlobalSection
	GlobalSection(NestedProjects) = preSolution
		{D095ADCB-C219-410A-A56B-CB1EEAFFA38C} = {0D89BD6B-BD75-402B-9CD8-6A09F13EFFF3}
		{239B4338-E9AB-4F6A-B960-96BF292B629B} = {0D89BD6B-BD75-402B-9CD8-6A09F13EFFF3}
		{C7EA7069-2C51-4C11-B049-C24D3F43E643} = {0D89BD6B-BD75-402B-9CD8-6A09F13EFFF3}
		{A0549E16-FA69-4195-911E-7906E4EF0057} = {D095ADCB-C219-410A-A56B-CB1EEAFFA38C}
		{5F35833C-9008-46F6-B7C8-65F4A39F0832} = {D095ADCB-C219-410A-A56B-CB1EEAFFA38C}
		{78867BA6-21A5-4EA8-AD05-ACD9727B5A3E} = {C7EA7069-2C51-4C11-B049-C24D3F43E643}
		{29C7C36E-30A8-49E4-A861-01202658755B} = {239B4338-E9AB-4F6A-B960-96BF292B629B}
	EndGlobalSection
	GlobalSection(ProjectConfigurationPlatforms) = postSolution
		{A0549E16-FA69-4195-911E-7906E4EF0057}.Debug|Any CPU.ActiveCfg = Debug|Any CPU
		{A0549E16-FA69-4195-911E-7906E4EF0057}.Debug|Any CPU.Build.0 = Debug|Any CPU
		{A0549E16-FA69-4195-911E-7906E4EF0057}.Release|Any CPU.ActiveCfg = Release|Any CPU
		{A0549E16-FA69-4195-911E-7906E4EF0057}.Release|Any CPU.Build.0 = Release|Any CPU
		{5F35833C-9008-46F6-B7C8-65F4A39F0832}.Debug|Any CPU.ActiveCfg = Debug|Any CPU
		{5F35833C-9008-46F6-B7C8-65F4A39F0832}.Debug|Any CPU.Build.0 = Debug|Any CPU
		{5F35833C-9008-46F6-B7C8-65F4A39F0832}.Release|Any CPU.ActiveCfg = Release|Any CPU
		{5F35833C-9008-46F6-B7C8-65F4A39F0832}.Release|Any CPU.Build.0 = Release|Any CPU
		{78867BA6-21A5-4EA8-AD05-ACD9727B5A3E}.Debug|Any CPU.ActiveCfg = Debug|Any CPU
		{78867BA6-21A5-4EA8-AD05-ACD9727B5A3E}.Debug|Any CPU.Build.0 = Debug|Any CPU
		{78867BA6-21A5-4EA8-AD05-ACD9727B5A3E}.Release|Any CPU.ActiveCfg = Release|Any CPU
		{78867BA6-21A5-4EA8-AD05-ACD9727B5A3E}.Release|Any CPU.Build.0 = Release|Any CPU
		{29C7C36E-30A8-49E4-A861-01202658755B}.Debug|Any CPU.ActiveCfg = Debug|Any CPU
		{29C7C36E-30A8-49E4-A861-01202658755B}.Debug|Any CPU.Build.0 = Debug|Any CPU
		{29C7C36E-30A8-49E4-A861-01202658755B}.Release|Any CPU.ActiveCfg = Release|Any CPU
		{29C7C36E-30A8-49E4-A861-01202658755B}.Release|Any CPU.Build.0 = Release|Any CPU
	EndGlobalSection
EndGlobal
