
Microsoft Visual Studio Solution File, Format Version 12.00
Project("{FAE04EC0-301F-11D3-BF4B-00C04F79EFBC}") = "ToDoList.Api", "ToDoList.Api\ToDoList.Api.csproj", "{7942D270-9188-49BC-9936-17F02769613A}"
EndProject
Project("{2150E333-8FDC-42A3-9474-1A3956D46DE8}") = "DataAccessLayer", "DataAccessLayer", "{6A05C8A3-C1B3-4D6E-BF53-CD1290A117CB}"
EndProject
Project("{2150E333-8FDC-42A3-9474-1A3956D46DE8}") = "DomainLayer", "DomainLayer", "{DEC76E5A-4274-4E60-B309-1E7093286CDB}"
EndProject
Project("{2150E333-8FDC-42A3-9474-1A3956D46DE8}") = "BusinessLogicLayer", "BusinessLogicLayer", "{AA3B1C67-C4C8-4BA3-B593-E1A70BE83BAF}"
EndProject
Project("{2150E333-8FDC-42A3-9474-1A3956D46DE8}") = "SecurityLayer", "SecurityLayer", "{B6122267-3BB6-442E-8FCD-6C29D6605E46}"
EndProject
Project("{FAE04EC0-301F-11D3-BF4B-00C04F79EFBC}") = "ToDoList.BL.Contracts", "ToDoList.BL.Contracts\ToDoList.BL.Contracts.csproj", "{F6397420-6E0A-4FA8-B99F-3DF6B38CF78C}"
EndProject
Project("{FAE04EC0-301F-11D3-BF4B-00C04F79EFBC}") = "ToDoList.BL.Core", "ToDoList.BL.Core\ToDoList.BL.Core.csproj", "{58369BD6-C2AA-4921-8CA8-8DD05E314127}"
EndProject
Project("{FAE04EC0-301F-11D3-BF4B-00C04F79EFBC}") = "ToDoList.DAL.Contracts", "ToDoList.DAL.Contracts\ToDoList.DAL.Contracts.csproj", "{B87CE841-49E8-4FAD-94B3-6480BBDAC283}"
EndProject
Project("{FAE04EC0-301F-11D3-BF4B-00C04F79EFBC}") = "ToDoList.DAL.Repositories", "ToDoList.DAL.Repositories\ToDoList.DAL.Repositories.csproj", "{B35D6B2C-5AA8-4B8A-8EBC-E6C7D786CDA3}"
EndProject
Project("{FAE04EC0-301F-11D3-BF4B-00C04F79EFBC}") = "ToDoList.DAL.Core", "ToDoList.DAL.Core\ToDoList.DAL.Core.csproj", "{ACEF1015-478A-4177-BCCB-0EA5B8B2A2F6}"
EndProject
Project("{FAE04EC0-301F-11D3-BF4B-00C04F79EFBC}") = "ToDoList.Domain.Contracts", "ToDoList.Domain.Contracts\ToDoList.Domain.Contracts.csproj", "{06F32FE7-8085-4444-AF43-C89C2594F513}"
EndProject
Project("{FAE04EC0-301F-11D3-BF4B-00C04F79EFBC}") = "ToDoList.Domain.Entities", "ToDoList.Domain.Entities\ToDoList.Domain.Entities.csproj", "{298F5A9D-022E-46A7-8798-DFFC06BD14DE}"
EndProject
Project("{FAE04EC0-301F-11D3-BF4B-00C04F79EFBC}") = "ToDoList.Security", "ToDoList.Security\ToDoList.Security.csproj", "{292243A4-7E37-46DE-B5DC-3AC91EECA56B}"
EndProject
Global
	GlobalSection(SolutionConfigurationPlatforms) = preSolution
		Debug|Any CPU = Debug|Any CPU
		Release|Any CPU = Release|Any CPU
	EndGlobalSection
	GlobalSection(ProjectConfigurationPlatforms) = postSolution
		{7942D270-9188-49BC-9936-17F02769613A}.Debug|Any CPU.ActiveCfg = Debug|Any CPU
		{7942D270-9188-49BC-9936-17F02769613A}.Debug|Any CPU.Build.0 = Debug|Any CPU
		{7942D270-9188-49BC-9936-17F02769613A}.Release|Any CPU.ActiveCfg = Release|Any CPU
		{7942D270-9188-49BC-9936-17F02769613A}.Release|Any CPU.Build.0 = Release|Any CPU
		{F6397420-6E0A-4FA8-B99F-3DF6B38CF78C}.Debug|Any CPU.ActiveCfg = Debug|Any CPU
		{F6397420-6E0A-4FA8-B99F-3DF6B38CF78C}.Debug|Any CPU.Build.0 = Debug|Any CPU
		{F6397420-6E0A-4FA8-B99F-3DF6B38CF78C}.Release|Any CPU.ActiveCfg = Release|Any CPU
		{F6397420-6E0A-4FA8-B99F-3DF6B38CF78C}.Release|Any CPU.Build.0 = Release|Any CPU
		{58369BD6-C2AA-4921-8CA8-8DD05E314127}.Debug|Any CPU.ActiveCfg = Debug|Any CPU
		{58369BD6-C2AA-4921-8CA8-8DD05E314127}.Debug|Any CPU.Build.0 = Debug|Any CPU
		{58369BD6-C2AA-4921-8CA8-8DD05E314127}.Release|Any CPU.ActiveCfg = Release|Any CPU
		{58369BD6-C2AA-4921-8CA8-8DD05E314127}.Release|Any CPU.Build.0 = Release|Any CPU
		{B87CE841-49E8-4FAD-94B3-6480BBDAC283}.Debug|Any CPU.ActiveCfg = Debug|Any CPU
		{B87CE841-49E8-4FAD-94B3-6480BBDAC283}.Debug|Any CPU.Build.0 = Debug|Any CPU
		{B87CE841-49E8-4FAD-94B3-6480BBDAC283}.Release|Any CPU.ActiveCfg = Release|Any CPU
		{B87CE841-49E8-4FAD-94B3-6480BBDAC283}.Release|Any CPU.Build.0 = Release|Any CPU
		{B35D6B2C-5AA8-4B8A-8EBC-E6C7D786CDA3}.Debug|Any CPU.ActiveCfg = Debug|Any CPU
		{B35D6B2C-5AA8-4B8A-8EBC-E6C7D786CDA3}.Debug|Any CPU.Build.0 = Debug|Any CPU
		{B35D6B2C-5AA8-4B8A-8EBC-E6C7D786CDA3}.Release|Any CPU.ActiveCfg = Release|Any CPU
		{B35D6B2C-5AA8-4B8A-8EBC-E6C7D786CDA3}.Release|Any CPU.Build.0 = Release|Any CPU
		{ACEF1015-478A-4177-BCCB-0EA5B8B2A2F6}.Debug|Any CPU.ActiveCfg = Debug|Any CPU
		{ACEF1015-478A-4177-BCCB-0EA5B8B2A2F6}.Debug|Any CPU.Build.0 = Debug|Any CPU
		{ACEF1015-478A-4177-BCCB-0EA5B8B2A2F6}.Release|Any CPU.ActiveCfg = Release|Any CPU
		{ACEF1015-478A-4177-BCCB-0EA5B8B2A2F6}.Release|Any CPU.Build.0 = Release|Any CPU
		{06F32FE7-8085-4444-AF43-C89C2594F513}.Debug|Any CPU.ActiveCfg = Debug|Any CPU
		{06F32FE7-8085-4444-AF43-C89C2594F513}.Debug|Any CPU.Build.0 = Debug|Any CPU
		{06F32FE7-8085-4444-AF43-C89C2594F513}.Release|Any CPU.ActiveCfg = Release|Any CPU
		{06F32FE7-8085-4444-AF43-C89C2594F513}.Release|Any CPU.Build.0 = Release|Any CPU
		{298F5A9D-022E-46A7-8798-DFFC06BD14DE}.Debug|Any CPU.ActiveCfg = Debug|Any CPU
		{298F5A9D-022E-46A7-8798-DFFC06BD14DE}.Debug|Any CPU.Build.0 = Debug|Any CPU
		{298F5A9D-022E-46A7-8798-DFFC06BD14DE}.Release|Any CPU.ActiveCfg = Release|Any CPU
		{298F5A9D-022E-46A7-8798-DFFC06BD14DE}.Release|Any CPU.Build.0 = Release|Any CPU
		{292243A4-7E37-46DE-B5DC-3AC91EECA56B}.Debug|Any CPU.ActiveCfg = Debug|Any CPU
		{292243A4-7E37-46DE-B5DC-3AC91EECA56B}.Debug|Any CPU.Build.0 = Debug|Any CPU
		{292243A4-7E37-46DE-B5DC-3AC91EECA56B}.Release|Any CPU.ActiveCfg = Release|Any CPU
		{292243A4-7E37-46DE-B5DC-3AC91EECA56B}.Release|Any CPU.Build.0 = Release|Any CPU
	EndGlobalSection
	GlobalSection(NestedProjects) = preSolution
		{F6397420-6E0A-4FA8-B99F-3DF6B38CF78C} = {AA3B1C67-C4C8-4BA3-B593-E1A70BE83BAF}
		{58369BD6-C2AA-4921-8CA8-8DD05E314127} = {AA3B1C67-C4C8-4BA3-B593-E1A70BE83BAF}
		{B87CE841-49E8-4FAD-94B3-6480BBDAC283} = {6A05C8A3-C1B3-4D6E-BF53-CD1290A117CB}
		{B35D6B2C-5AA8-4B8A-8EBC-E6C7D786CDA3} = {6A05C8A3-C1B3-4D6E-BF53-CD1290A117CB}
		{ACEF1015-478A-4177-BCCB-0EA5B8B2A2F6} = {6A05C8A3-C1B3-4D6E-BF53-CD1290A117CB}
		{06F32FE7-8085-4444-AF43-C89C2594F513} = {DEC76E5A-4274-4E60-B309-1E7093286CDB}
		{298F5A9D-022E-46A7-8798-DFFC06BD14DE} = {DEC76E5A-4274-4E60-B309-1E7093286CDB}
		{292243A4-7E37-46DE-B5DC-3AC91EECA56B} = {B6122267-3BB6-442E-8FCD-6C29D6605E46}
	EndGlobalSection
EndGlobal
