
Microsoft Visual Studio Solution File, Format Version 12.00
Project("{FAE04EC0-301F-11D3-BF4B-00C04F79EFBC}") = "ToDoList.Api", "ToDoList.Api\ToDoList.Api.csproj", "{C804E85E-4F85-46DF-9C11-3E6C6D840606}"
EndProject
Project("{2150E333-8FDC-42A3-9474-1A3956D46DE8}") = "DataAccessLayer", "DataAccessLayer", "{8686DD39-DF7E-4A86-82C7-117254970BF9}"
EndProject
Project("{2150E333-8FDC-42A3-9474-1A3956D46DE8}") = "DomainLayer", "DomainLayer", "{F648C5A0-998D-4583-9F2E-9693D66DFFFC}"
EndProject
Project("{2150E333-8FDC-42A3-9474-1A3956D46DE8}") = "SecurityLayer", "SecurityLayer", "{100BAF8A-730F-4E22-B9FE-96AAFA49E39C}"
EndProject
Project("{2150E333-8FDC-42A3-9474-1A3956D46DE8}") = "BusinessLogicLayer", "BusinessLogicLayer", "{CBEA5915-AF95-4732-AD00-1BE6B55B115E}"
EndProject
Project("{FAE04EC0-301F-11D3-BF4B-00C04F79EFBC}") = "ToDoList.Security", "ToDoList.Security\ToDoList.Security.csproj", "{79A510B9-D4C9-4001-AEA2-4EB78A49FE59}"
EndProject
Project("{FAE04EC0-301F-11D3-BF4B-00C04F79EFBC}") = "ToDoList.Domain.Entities", "ToDoList.Domain.Entities\ToDoList.Domain.Entities.csproj", "{6835C8B5-375F-49F6-8213-C3AEA031AC42}"
EndProject
Project("{FAE04EC0-301F-11D3-BF4B-00C04F79EFBC}") = "ToDoList.Domain.Contracts", "ToDoList.Domain.Contracts\ToDoList.Domain.Contracts.csproj", "{BF1F721C-24DD-4839-B7F5-12819F68F800}"
EndProject
Project("{FAE04EC0-301F-11D3-BF4B-00C04F79EFBC}") = "ToDoList.DAL.Core", "ToDoList.DAL.Core\ToDoList.DAL.Core.csproj", "{07280BCD-876B-4FDF-B421-4937BC2F2DCC}"
EndProject
Project("{FAE04EC0-301F-11D3-BF4B-00C04F79EFBC}") = "ToDoList.DAL.Repositories", "ToDoList.DAL.Repositories\ToDoList.DAL.Repositories.csproj", "{5976D708-DD56-44DB-A75C-B919332A1515}"
EndProject
Project("{FAE04EC0-301F-11D3-BF4B-00C04F79EFBC}") = "ToDoList.BL.Services", "ToDoList.BL.Services\ToDoList.BL.Services.csproj", "{817E3C3D-2B74-47AB-B647-654975915AAD}"
EndProject
Project("{FAE04EC0-301F-11D3-BF4B-00C04F79EFBC}") = "ToDoList.BL.Mediator", "ToDoList.BL.Mediator\ToDoList.BL.Mediator.csproj", "{A7BD08EC-4CC1-49E4-9DF8-9D2DE178C086}"
EndProject
Project("{FAE04EC0-301F-11D3-BF4B-00C04F79EFBC}") = "ToDoList.DAL.Contracts", "ToDoList.DAL.Contracts\ToDoList.DAL.Contracts.csproj", "{3805DA29-8547-4625-AE45-D8A970180EFC}"
EndProject
Global
	GlobalSection(SolutionConfigurationPlatforms) = preSolution
		Debug|Any CPU = Debug|Any CPU
		Release|Any CPU = Release|Any CPU
	EndGlobalSection
	GlobalSection(ProjectConfigurationPlatforms) = postSolution
		{C804E85E-4F85-46DF-9C11-3E6C6D840606}.Debug|Any CPU.ActiveCfg = Debug|Any CPU
		{C804E85E-4F85-46DF-9C11-3E6C6D840606}.Debug|Any CPU.Build.0 = Debug|Any CPU
		{C804E85E-4F85-46DF-9C11-3E6C6D840606}.Release|Any CPU.ActiveCfg = Release|Any CPU
		{C804E85E-4F85-46DF-9C11-3E6C6D840606}.Release|Any CPU.Build.0 = Release|Any CPU
		{79A510B9-D4C9-4001-AEA2-4EB78A49FE59}.Debug|Any CPU.ActiveCfg = Debug|Any CPU
		{79A510B9-D4C9-4001-AEA2-4EB78A49FE59}.Debug|Any CPU.Build.0 = Debug|Any CPU
		{79A510B9-D4C9-4001-AEA2-4EB78A49FE59}.Release|Any CPU.ActiveCfg = Release|Any CPU
		{79A510B9-D4C9-4001-AEA2-4EB78A49FE59}.Release|Any CPU.Build.0 = Release|Any CPU
		{6835C8B5-375F-49F6-8213-C3AEA031AC42}.Debug|Any CPU.ActiveCfg = Debug|Any CPU
		{6835C8B5-375F-49F6-8213-C3AEA031AC42}.Debug|Any CPU.Build.0 = Debug|Any CPU
		{6835C8B5-375F-49F6-8213-C3AEA031AC42}.Release|Any CPU.ActiveCfg = Release|Any CPU
		{6835C8B5-375F-49F6-8213-C3AEA031AC42}.Release|Any CPU.Build.0 = Release|Any CPU
		{BF1F721C-24DD-4839-B7F5-12819F68F800}.Debug|Any CPU.ActiveCfg = Debug|Any CPU
		{BF1F721C-24DD-4839-B7F5-12819F68F800}.Debug|Any CPU.Build.0 = Debug|Any CPU
		{BF1F721C-24DD-4839-B7F5-12819F68F800}.Release|Any CPU.ActiveCfg = Release|Any CPU
		{BF1F721C-24DD-4839-B7F5-12819F68F800}.Release|Any CPU.Build.0 = Release|Any CPU
		{07280BCD-876B-4FDF-B421-4937BC2F2DCC}.Debug|Any CPU.ActiveCfg = Debug|Any CPU
		{07280BCD-876B-4FDF-B421-4937BC2F2DCC}.Debug|Any CPU.Build.0 = Debug|Any CPU
		{07280BCD-876B-4FDF-B421-4937BC2F2DCC}.Release|Any CPU.ActiveCfg = Release|Any CPU
		{07280BCD-876B-4FDF-B421-4937BC2F2DCC}.Release|Any CPU.Build.0 = Release|Any CPU
		{5976D708-DD56-44DB-A75C-B919332A1515}.Debug|Any CPU.ActiveCfg = Debug|Any CPU
		{5976D708-DD56-44DB-A75C-B919332A1515}.Debug|Any CPU.Build.0 = Debug|Any CPU
		{5976D708-DD56-44DB-A75C-B919332A1515}.Release|Any CPU.ActiveCfg = Release|Any CPU
		{5976D708-DD56-44DB-A75C-B919332A1515}.Release|Any CPU.Build.0 = Release|Any CPU
		{817E3C3D-2B74-47AB-B647-654975915AAD}.Debug|Any CPU.ActiveCfg = Debug|Any CPU
		{817E3C3D-2B74-47AB-B647-654975915AAD}.Debug|Any CPU.Build.0 = Debug|Any CPU
		{817E3C3D-2B74-47AB-B647-654975915AAD}.Release|Any CPU.ActiveCfg = Release|Any CPU
		{817E3C3D-2B74-47AB-B647-654975915AAD}.Release|Any CPU.Build.0 = Release|Any CPU
		{A7BD08EC-4CC1-49E4-9DF8-9D2DE178C086}.Debug|Any CPU.ActiveCfg = Debug|Any CPU
		{A7BD08EC-4CC1-49E4-9DF8-9D2DE178C086}.Debug|Any CPU.Build.0 = Debug|Any CPU
		{A7BD08EC-4CC1-49E4-9DF8-9D2DE178C086}.Release|Any CPU.ActiveCfg = Release|Any CPU
		{A7BD08EC-4CC1-49E4-9DF8-9D2DE178C086}.Release|Any CPU.Build.0 = Release|Any CPU
		{3805DA29-8547-4625-AE45-D8A970180EFC}.Debug|Any CPU.ActiveCfg = Debug|Any CPU
		{3805DA29-8547-4625-AE45-D8A970180EFC}.Debug|Any CPU.Build.0 = Debug|Any CPU
		{3805DA29-8547-4625-AE45-D8A970180EFC}.Release|Any CPU.ActiveCfg = Release|Any CPU
		{3805DA29-8547-4625-AE45-D8A970180EFC}.Release|Any CPU.Build.0 = Release|Any CPU
	EndGlobalSection
	GlobalSection(NestedProjects) = preSolution
		{79A510B9-D4C9-4001-AEA2-4EB78A49FE59} = {100BAF8A-730F-4E22-B9FE-96AAFA49E39C}
		{6835C8B5-375F-49F6-8213-C3AEA031AC42} = {F648C5A0-998D-4583-9F2E-9693D66DFFFC}
		{BF1F721C-24DD-4839-B7F5-12819F68F800} = {F648C5A0-998D-4583-9F2E-9693D66DFFFC}
		{07280BCD-876B-4FDF-B421-4937BC2F2DCC} = {8686DD39-DF7E-4A86-82C7-117254970BF9}
		{5976D708-DD56-44DB-A75C-B919332A1515} = {8686DD39-DF7E-4A86-82C7-117254970BF9}
		{817E3C3D-2B74-47AB-B647-654975915AAD} = {CBEA5915-AF95-4732-AD00-1BE6B55B115E}
		{A7BD08EC-4CC1-49E4-9DF8-9D2DE178C086} = {CBEA5915-AF95-4732-AD00-1BE6B55B115E}
		{3805DA29-8547-4625-AE45-D8A970180EFC} = {8686DD39-DF7E-4A86-82C7-117254970BF9}
	EndGlobalSection
EndGlobal
